{
  "name": "@watthem/similar-files",
  "version": "0.1.0",
  "lockfileVersion": 3,
  "requires": true,
  "packages": {
    "": {
      "name": "@watthem/similar-files",
      "version": "0.1.0",
      "license": "MIT",
      "dependencies": {
        "@watthem/quarrel": "^0.1.1"
      },
      "bin": {
        "similar-find": "bin/find-similar.mjs",
        "similar-index": "bin/index-workspace.mjs"
      },
      "engines": {
        "node": ">=18"
      }
    },
    "node_modules/@watthem/quarrel": {
      "version": "0.1.1",
      "resolved": "https://registry.npmjs.org/@watthem/quarrel/-/quarrel-0.1.1.tgz",
      "integrity": "sha512-Oiqo3ycZSZVusfsmKxIaktlkiLY0GLDw3xH15YGmMCemcdnv4vGc8a/VLv4a0bm6WjXdb+uYpJCT1tVsYJB2zA==",
      "license": "MIT"
    }
  }
}
